// !$*UTF8*$!
{
	archiveVersion = 1;
	classes = {
	};
	objectVersion = 55;
	objects = {

/* Begin PBXBuildFile section */
		BD9AE8FD2899A43100A1FBFA /* NewsPageController.swift in Sources */ = {isa = PBXBuildFile; fileRef = BD9AE8FC2899A43100A1FBFA /* NewsPageController.swift */; };
		BD9AE8FF2899A44C00A1FBFA /* VolunteerPageController.swift in Sources */ = {isa = PBXBuildFile; fileRef = BD9AE8FE2899A44C00A1FBFA /* VolunteerPageController.swift */; };
		BD9AE9012899A4AA00A1FBFA /* DonationPageController.swift in Sources */ = {isa = PBXBuildFile; fileRef = BD9AE9002899A4AA00A1FBFA /* DonationPageController.swift */; };
		BD9AE9032899A4BB00A1FBFA /* ResourcesPageController.swift in Sources */ = {isa = PBXBuildFile; fileRef = BD9AE9022899A4BB00A1FBFA /* ResourcesPageController.swift */; };
		BD9AE9072899A4F200A1FBFA /* AdvocacyPageController.swift in Sources */ = {isa = PBXBuildFile; fileRef = BD9AE9062899A4F200A1FBFA /* AdvocacyPageController.swift */; };
		BD9AE9092899A56900A1FBFA /* AddArticle.swift in Sources */ = {isa = PBXBuildFile; fileRef = BD9AE9082899A56900A1FBFA /* AddArticle.swift */; };
		BD9AE90B2899C1F000A1FBFA /* SpinViewController.swift in Sources */ = {isa = PBXBuildFile; fileRef = BD9AE90A2899C1F000A1FBFA /* SpinViewController.swift */; };
		BD9AE9112899C7F600A1FBFA /* MetadataTableViewCell.swift in Sources */ = {isa = PBXBuildFile; fileRef = BD9AE9102899C7F500A1FBFA /* MetadataTableViewCell.swift */; };
		BDE7DA22289990C200FA57A3 /* AppDelegate.swift in Sources */ = {isa = PBXBuildFile; fileRef = BDE7DA21289990C200FA57A3 /* AppDelegate.swift */; };
		BDE7DA24289990C200FA57A3 /* SceneDelegate.swift in Sources */ = {isa = PBXBuildFile; fileRef = BDE7DA23289990C200FA57A3 /* SceneDelegate.swift */; };
		BDE7DA26289990C200FA57A3 /* ViewController.swift in Sources */ = {isa = PBXBuildFile; fileRef = BDE7DA25289990C200FA57A3 /* ViewController.swift */; };
		BDE7DA29289990C200FA57A3 /* Main.storyboard in Resources */ = {isa = PBXBuildFile; fileRef = BDE7DA27289990C200FA57A3 /* Main.storyboard */; };
		BDE7DA2B289990C500FA57A3 /* Assets.xcassets in Resources */ = {isa = PBXBuildFile; fileRef = BDE7DA2A289990C500FA57A3 /* Assets.xcassets */; };
		BDE7DA2E289990C500FA57A3 /* LaunchScreen.storyboard in Resources */ = {isa = PBXBuildFile; fileRef = BDE7DA2C289990C500FA57A3 /* LaunchScreen.storyboard */; };
/* End PBXBuildFile section */

/* Begin PBXFileReference section */
		BD9AE8FC2899A43100A1FBFA /* NewsPageController.swift */ = {isa = PBXFileReference; lastKnownFileType = sourcecode.swift; path = NewsPageController.swift; sourceTree = "<group>"; };
		BD9AE8FE2899A44C00A1FBFA /* VolunteerPageController.swift */ = {isa = PBXFileReference; lastKnownFileType = sourcecode.swift; path = VolunteerPageController.swift; sourceTree = "<group>"; };
		BD9AE9002899A4AA00A1FBFA /* DonationPageController.swift */ = {isa = PBXFileReference; lastKnownFileType = sourcecode.swift; path = DonationPageController.swift; sourceTree = "<group>"; };
		BD9AE9022899A4BB00A1FBFA /* ResourcesPageController.swift */ = {isa = PBXFileReference; lastKnownFileType = sourcecode.swift; path = ResourcesPageController.swift; sourceTree = "<group>"; };
		BD9AE9062899A4F200A1FBFA /* AdvocacyPageController.swift */ = {isa = PBXFileReference; lastKnownFileType = sourcecode.swift; path = AdvocacyPageController.swift; sourceTree = "<group>"; };
		BD9AE9082899A56900A1FBFA /* AddArticle.swift */ = {isa = PBXFileReference; lastKnownFileType = sourcecode.swift; path = AddArticle.swift; sourceTree = "<group>"; };
		BD9AE90A2899C1F000A1FBFA /* SpinViewController.swift */ = {isa = PBXFileReference; fileEncoding = 4; lastKnownFileType = sourcecode.swift; path = SpinViewController.swift; sourceTree = "<group>"; };
		BD9AE9102899C7F500A1FBFA /* MetadataTableViewCell.swift */ = {isa = PBXFileReference; lastKnownFileType = sourcecode.swift; path = MetadataTableViewCell.swift; sourceTree = "<group>"; };
		BDE7DA1E289990C200FA57A3 /* testingscrollthing.app */ = {isa = PBXFileReference; explicitFileType = wrapper.application; includeInIndex = 0; path = testingscrollthing.app; sourceTree = BUILT_PRODUCTS_DIR; };
		BDE7DA21289990C200FA57A3 /* AppDelegate.swift */ = {isa = PBXFileReference; lastKnownFileType = sourcecode.swift; path = AppDelegate.swift; sourceTree = "<group>"; };
		BDE7DA23289990C200FA57A3 /* SceneDelegate.swift */ = {isa = PBXFileReference; lastKnownFileType = sourcecode.swift; path = SceneDelegate.swift; sourceTree = "<group>"; };
		BDE7DA25289990C200FA57A3 /* ViewController.swift */ = {isa = PBXFileReference; lastKnownFileType = sourcecode.swift; path = ViewController.swift; sourceTree = "<group>"; };
		BDE7DA28289990C200FA57A3 /* Base */ = {isa = PBXFileReference; lastKnownFileType = file.storyboard; name = Base; path = Base.lproj/Main.storyboard; sourceTree = "<group>"; };
		BDE7DA2A289990C500FA57A3 /* Assets.xcassets */ = {isa = PBXFileReference; lastKnownFileType = folder.assetcatalog; path = Assets.xcassets; sourceTree = "<group>"; };
		BDE7DA2D289990C500FA57A3 /* Base */ = {isa = PBXFileReference; lastKnownFileType = file.storyboard; name = Base; path = Base.lproj/LaunchScreen.storyboard; sourceTree = "<group>"; };
		BDE7DA2F289990C500FA57A3 /* Info.plist */ = {isa = PBXFileReference; lastKnownFileType = text.plist.xml; path = Info.plist; sourceTree = "<group>"; };
/* End PBXFileReference section */

/* Begin PBXFrameworksBuildPhase section */
		BDE7DA1B289990C200FA57A3 /* Frameworks */ = {
			isa = PBXFrameworksBuildPhase;
			buildActionMask = 2147483647;
			files = (
			);
			runOnlyForDeploymentPostprocessing = 0;
		};
/* End PBXFrameworksBuildPhase section */

/* Begin PBXGroup section */
		BDE7DA15289990C200FA57A3 = {
			isa = PBXGroup;
			children = (
				BDE7DA20289990C200FA57A3 /* testingscrollthing */,
				BDE7DA1F289990C200FA57A3 /* Products */,
			);
			sourceTree = "<group>";
		};
		BDE7DA1F289990C200FA57A3 /* Products */ = {
			isa = PBXGroup;
			children = (
				BDE7DA1E289990C200FA57A3 /* testingscrollthing.app */,
			);
			name = Products;
			sourceTree = "<group>";
		};
		BDE7DA20289990C200FA57A3 /* testingscrollthing */ = {
			isa = PBXGroup;
			children = (
				BDE7DA21289990C200FA57A3 /* AppDelegate.swift */,
				BDE7DA23289990C200FA57A3 /* SceneDelegate.swift */,
				BDE7DA25289990C200FA57A3 /* ViewController.swift */,
				BD9AE8FC2899A43100A1FBFA /* NewsPageController.swift */,
				BD9AE8FE2899A44C00A1FBFA /* VolunteerPageController.swift */,
				BD9AE9002899A4AA00A1FBFA /* DonationPageController.swift */,
				BD9AE9022899A4BB00A1FBFA /* ResourcesPageController.swift */,
				BD9AE9062899A4F200A1FBFA /* AdvocacyPageController.swift */,
				BDE7DA27289990C200FA57A3 /* Main.storyboard */,
				BD9AE9082899A56900A1FBFA /* AddArticle.swift */,
				BDE7DA2A289990C500FA57A3 /* Assets.xcassets */,
				BDE7DA2C289990C500FA57A3 /* LaunchScreen.storyboard */,
				BDE7DA2F289990C500FA57A3 /* Info.plist */,
				BD9AE90A2899C1F000A1FBFA /* SpinViewController.swift */,
				BD9AE9102899C7F500A1FBFA /* MetadataTableViewCell.swift */,
			);
			path = testingscrollthing;
			sourceTree = "<group>";
		};
/* End PBXGroup section */

/* Begin PBXNativeTarget section */
		BDE7DA1D289990C200FA57A3 /* testingscrollthing */ = {
			isa = PBXNativeTarget;
			buildConfigurationList = BDE7DA32289990C500FA57A3 /* Build configuration list for PBXNativeTarget "testingscrollthing" */;
			buildPhases = (
				BDE7DA1A289990C200FA57A3 /* Sources */,
				BDE7DA1B289990C200FA57A3 /* Frameworks */,
				BDE7DA1C289990C200FA57A3 /* Resources */,
			);
			buildRules = (
			);
			dependencies = (
			);
			name = testingscrollthing;
			productName = testingscrollthing;
			productReference = BDE7DA1E289990C200FA57A3 /* testingscrollthing.app */;
			productType = "com.apple.product-type.application";
		};
/* End PBXNativeTarget section */

/* Begin PBXProject section */
		BDE7DA16289990C200FA57A3 /* Project object */ = {
			isa = PBXProject;
			attributes = {
				BuildIndependentTargetsInParallel = 1;
				LastSwiftUpdateCheck = 1340;
				LastUpgradeCheck = 1340;
				TargetAttributes = {
					BDE7DA1D289990C200FA57A3 = {
						CreatedOnToolsVersion = 13.4.1;
					};
				};
			};
			buildConfigurationList = BDE7DA19289990C200FA57A3 /* Build configuration list for PBXProject "testingscrollthing" */;
			compatibilityVersion = "Xcode 13.0";
			developmentRegion = en;
			hasScannedForEncodings = 0;
			knownRegions = (
				en,
				Base,
			);
			mainGroup = BDE7DA15289990C200FA57A3;
			productRefGroup = BDE7DA1F289990C200FA57A3 /* Products */;
			projectDirPath = "";
			projectRoot = "";
			targets = (
				BDE7DA1D289990C200FA57A3 /* testingscrollthing */,
			);
		};
/* End PBXProject section */

/* Begin PBXResourcesBuildPhase section */
		BDE7DA1C289990C200FA57A3 /* Resources */ = {
			isa = PBXResourcesBuildPhase;
			buildActionMask = 2147483647;
			files = (
				BDE7DA2E289990C500FA57A3 /* LaunchScreen.storyboard in Resources */,
				BDE7DA2B289990C500FA57A3 /* Assets.xcassets in Resources */,
				BDE7DA29289990C200FA57A3 /* Main.storyboard in Resources */,
			);
			runOnlyForDeploymentPostprocessing = 0;
		};
/* End PBXResourcesBuildPhase section */

/* Begin PBXSourcesBuildPhase section */
		BDE7DA1A289990C200FA57A3 /* Sources */ = {
			isa = PBXSourcesBuildPhase;
			buildActionMask = 2147483647;
			files = (
				BD9AE9112899C7F600A1FBFA /* MetadataTableViewCell.swift in Sources */,
				BDE7DA26289990C200FA57A3 /* ViewController.swift in Sources */,
				BD9AE8FD2899A43100A1FBFA /* NewsPageController.swift in Sources */,
				BD9AE9072899A4F200A1FBFA /* AdvocacyPageController.swift in Sources */,
				BD9AE9012899A4AA00A1FBFA /* DonationPageController.swift in Sources */,
				BD9AE90B2899C1F000A1FBFA /* SpinViewController.swift in Sources */,
				BDE7DA22289990C200FA57A3 /* AppDelegate.swift in Sources */,
				BD9AE8FF2899A44C00A1FBFA /* VolunteerPageController.swift in Sources */,
				BD9AE9092899A56900A1FBFA /* AddArticle.swift in Sources */,
				BD9AE9032899A4BB00A1FBFA /* ResourcesPageController.swift in Sources */,
				BDE7DA24289990C200FA57A3 /* SceneDelegate.swift in Sources */,
			);
			runOnlyForDeploymentPostprocessing = 0;
		};
/* End PBXSourcesBuildPhase section */

/* Begin PBXVariantGroup section */
		BDE7DA27289990C200FA57A3 /* Main.storyboard */ = {
			isa = PBXVariantGroup;
			children = (
				BDE7DA28289990C200FA57A3 /* Base */,
			);
			name = Main.storyboard;
			sourceTree = "<group>";
		};
		BDE7DA2C289990C500FA57A3 /* LaunchScreen.storyboard */ = {
			isa = PBXVariantGroup;
			children = (
				BDE7DA2D289990C500FA57A3 /* Base */,
			);
			name = LaunchScreen.storyboard;
			sourceTree = "<group>";
		};
/* End PBXVariantGroup section */

/* Begin XCBuildConfiguration section */
		BDE7DA30289990C500FA57A3 /* Debug */ = {
			isa = XCBuildConfiguration;
			buildSettings = {
				ALWAYS_SEARCH_USER_PATHS = NO;
				CLANG_ANALYZER_NONNULL = YES;
				CLANG_ANALYZER_NUMBER_OBJECT_CONVERSION = YES_AGGRESSIVE;
				CLANG_CXX_LANGUAGE_STANDARD = "gnu++17";
				CLANG_ENABLE_MODULES = YES;
				CLANG_ENABLE_OBJC_ARC = YES;
				CLANG_ENABLE_OBJC_WEAK = YES;
				CLANG_WARN_BLOCK_CAPTURE_AUTORELEASING = YES;
				CLANG_WARN_BOOL_CONVERSION = YES;
				CLANG_WARN_COMMA = YES;
				CLANG_WARN_CONSTANT_CONVERSION = YES;
				CLANG_WARN_DEPRECATED_OBJC_IMPLEMENTATIONS = YES;
				CLANG_WARN_DIRECT_OBJC_ISA_USAGE = YES_ERROR;
				CLANG_WARN_DOCUMENTATION_COMMENTS = YES;
				CLANG_WARN_EMPTY_BODY = YES;
				CLANG_WARN_ENUM_CONVERSION = YES;
				CLANG_WARN_INFINITE_RECURSION = YES;
				CLANG_WARN_INT_CONVERSION = YES;
				CLANG_WARN_NON_LITERAL_NULL_CONVERSION = YES;
				CLANG_WARN_OBJC_IMPLICIT_RETAIN_SELF = YES;
				CLANG_WARN_OBJC_LITERAL_CONVERSION = YES;
				CLANG_WARN_OBJC_ROOT_CLASS = YES_ERROR;
				CLANG_WARN_QUOTED_INCLUDE_IN_FRAMEWORK_HEADER = YES;
				CLANG_WARN_RANGE_LOOP_ANALYSIS = YES;
				CLANG_WARN_STRICT_PROTOTYPES = YES;
				CLANG_WARN_SUSPICIOUS_MOVE = YES;
				CLANG_WARN_UNGUARDED_AVAILABILITY = YES_AGGRESSIVE;
				CLANG_WARN_UNREACHABLE_CODE = YES;
				CLANG_WARN__DUPLICATE_METHOD_MATCH = YES;
				COPY_PHASE_STRIP = NO;
				DEBUG_INFORMATION_FORMAT = dwarf;
				ENABLE_STRICT_OBJC_MSGSEND = YES;
				ENABLE_TESTABILITY = YES;
				GCC_C_LANGUAGE_STANDARD = gnu11;
				GCC_DYNAMIC_NO_PIC = NO;
				GCC_NO_COMMON_BLOCKS = YES;
				GCC_OPTIMIZATION_LEVEL = 0;
				GCC_PREPROCESSOR_DEFINITIONS = (
					"DEBUG=1",
					"$(inherited)",
				);
				GCC_WARN_64_TO_32_BIT_CONVERSION = YES;
				GCC_WARN_ABOUT_RETURN_TYPE = YES_ERROR;
				GCC_WARN_UNDECLARED_SELECTOR = YES;
				GCC_WARN_UNINITIALIZED_AUTOS = YES_AGGRESSIVE;
				GCC_WARN_UNUSED_FUNCTION = YES;
				GCC_WARN_UNUSED_VARIABLE = YES;
				IPHONEOS_DEPLOYMENT_TARGET = 15.5;
				MTL_ENABLE_DEBUG_INFO = INCLUDE_SOURCE;
				MTL_FAST_MATH = YES;
				ONLY_ACTIVE_ARCH = YES;
				SDKROOT = iphoneos;
				SWIFT_ACTIVE_COMPILATION_CONDITIONS = DEBUG;
				SWIFT_OPTIMIZATION_LEVEL = "-Onone";
			};
			name = Debug;
		};
		BDE7DA31289990C500FA57A3 /* Release */ = {
			isa = XCBuildConfiguration;
			buildSettings = {
				ALWAYS_SEARCH_USER_PATHS = NO;
				CLANG_ANALYZER_NONNULL = YES;
				CLANG_ANALYZER_NUMBER_OBJECT_CONVERSION = YES_AGGRESSIVE;
				CLANG_CXX_LANGUAGE_STANDARD = "gnu++17";
				CLANG_ENABLE_MODULES = YES;
				CLANG_ENABLE_OBJC_ARC = YES;
				CLANG_ENABLE_OBJC_WEAK = YES;
				CLANG_WARN_BLOCK_CAPTURE_AUTORELEASING = YES;
				CLANG_WARN_BOOL_CONVERSION = YES;
				CLANG_WARN_COMMA = YES;
				CLANG_WARN_CONSTANT_CONVERSION = YES;
				CLANG_WARN_DEPRECATED_OBJC_IMPLEMENTATIONS = YES;
				CLANG_WARN_DIRECT_OBJC_ISA_USAGE = YES_ERROR;
				CLANG_WARN_DOCUMENTATION_COMMENTS = YES;
				CLANG_WARN_EMPTY_BODY = YES;
				CLANG_WARN_ENUM_CONVERSION = YES;
				CLANG_WARN_INFINITE_RECURSION = YES;
				CLANG_WARN_INT_CONVERSION = YES;
				CLANG_WARN_NON_LITERAL_NULL_CONVERSION = YES;
				CLANG_WARN_OBJC_IMPLICIT_RETAIN_SELF = YES;
				CLANG_WARN_OBJC_LITERAL_CONVERSION = YES;
				CLANG_WARN_OBJC_ROOT_CLASS = YES_ERROR;
				CLANG_WARN_QUOTED_INCLUDE_IN_FRAMEWORK_HEADER = YES;
				CLANG_WARN_RANGE_LOOP_ANALYSIS = YES;
				CLANG_WARN_STRICT_PROTOTYPES = YES;
				CLANG_WARN_SUSPICIOUS_MOVE = YES;
				CLANG_WARN_UNGUARDED_AVAILABILITY = YES_AGGRESSIVE;
				CLANG_WARN_UNREACHABLE_CODE = YES;
				CLANG_WARN__DUPLICATE_METHOD_MATCH = YES;
				COPY_PHASE_STRIP = NO;
				DEBUG_INFORMATION_FORMAT = "dwarf-with-dsym";
				ENABLE_NS_ASSERTIONS = NO;
				ENABLE_STRICT_OBJC_MSGSEND = YES;
				GCC_C_LANGUAGE_STANDARD = gnu11;
				GCC_NO_COMMON_BLOCKS = YES;
				GCC_WARN_64_TO_32_BIT_CONVERSION = YES;
				GCC_WARN_ABOUT_RETURN_TYPE = YES_ERROR;
				GCC_WARN_UNDECLARED_SELECTOR = YES;
				GCC_WARN_UNINITIALIZED_AUTOS = YES_AGGRESSIVE;
				GCC_WARN_UNUSED_FUNCTION = YES;
				GCC_WARN_UNUSED_VARIABLE = YES;
				IPHONEOS_DEPLOYMENT_TARGET = 15.5;
				MTL_ENABLE_DEBUG_INFO = NO;
				MTL_FAST_MATH = YES;
				SDKROOT = iphoneos;
				SWIFT_COMPILATION_MODE = wholemodule;
				SWIFT_OPTIMIZATION_LEVEL = "-O";
				VALIDATE_PRODUCT = YES;
			};
			name = Release;
		};
		BDE7DA33289990C500FA57A3 /* Debug */ = {
			isa = XCBuildConfiguration;
			buildSettings = {
				ASSETCATALOG_COMPILER_APPICON_NAME = AppIcon;
				ASSETCATALOG_COMPILER_GLOBAL_ACCENT_COLOR_NAME = AccentColor;
				CODE_SIGN_STYLE = Automatic;
				CURRENT_PROJECT_VERSION = 1;
				GENERATE_INFOPLIST_FILE = YES;
				INFOPLIST_FILE = testingscrollthing/Info.plist;
				INFOPLIST_KEY_UIApplicationSupportsIndirectInputEvents = YES;
				INFOPLIST_KEY_UILaunchStoryboardName = LaunchScreen;
				INFOPLIST_KEY_UIMainStoryboardFile = Main;
				INFOPLIST_KEY_UISupportedInterfaceOrientations_iPad = "UIInterfaceOrientationPortrait UIInterfaceOrientationPortraitUpsideDown UIInterfaceOrientationLandscapeLeft UIInterfaceOrientationLandscapeRight";
				INFOPLIST_KEY_UISupportedInterfaceOrientations_iPhone = "UIInterfaceOrientationPortrait UIInterfaceOrientationLandscapeLeft UIInterfaceOrientationLandscapeRight";
				LD_RUNPATH_SEARCH_PATHS = (
					"$(inherited)",
					"@executable_path/Frameworks",
				);
				MARKETING_VERSION = 1.0;
				PRODUCT_BUNDLE_IDENTIFIER = valentina.testingscrollthing;
				PRODUCT_NAME = "$(TARGET_NAME)";
				SWIFT_EMIT_LOC_STRINGS = YES;
				SWIFT_VERSION = 5.0;
				TARGETED_DEVICE_FAMILY = "1,2";
			};
			name = Debug;
		};
		BDE7DA34289990C500FA57A3 /* Release */ = {
			isa = XCBuildConfiguration;
			buildSettings = {
				ASSETCATALOG_COMPILER_APPICON_NAME = AppIcon;
				ASSETCATALOG_COMPILER_GLOBAL_ACCENT_COLOR_NAME = AccentColor;
				CODE_SIGN_STYLE = Automatic;
				CURRENT_PROJECT_VERSION = 1;
				GENERATE_INFOPLIST_FILE = YES;
				INFOPLIST_FILE = testingscrollthing/Info.plist;
				INFOPLIST_KEY_UIApplicationSupportsIndirectInputEvents = YES;
				INFOPLIST_KEY_UILaunchStoryboardName = LaunchScreen;
				INFOPLIST_KEY_UIMainStoryboardFile = Main;
				INFOPLIST_KEY_UISupportedInterfaceOrientations_iPad = "UIInterfaceOrientationPortrait UIInterfaceOrientationPortraitUpsideDown UIInterfaceOrientationLandscapeLeft UIInterfaceOrientationLandscapeRight";
				INFOPLIST_KEY_UISupportedInterfaceOrientations_iPhone = "UIInterfaceOrientationPortrait UIInterfaceOrientationLandscapeLeft UIInterfaceOrientationLandscapeRight";
				LD_RUNPATH_SEARCH_PATHS = (
					"$(inherited)",
					"@executable_path/Frameworks",
				);
				MARKETING_VERSION = 1.0;
				PRODUCT_BUNDLE_IDENTIFIER = valentina.testingscrollthing;
				PRODUCT_NAME = "$(TARGET_NAME)";
				SWIFT_EMIT_LOC_STRINGS = YES;
				SWIFT_VERSION = 5.0;
				TARGETED_DEVICE_FAMILY = "1,2";
			};
			name = Release;
		};
/* End XCBuildConfiguration section */

/* Begin XCConfigurationList section */
		BDE7DA19289990C200FA57A3 /* Build configuration list for PBXProject "testingscrollthing" */ = {
			isa = XCConfigurationList;
			buildConfigurations = (
				BDE7DA30289990C500FA57A3 /* Debug */,
				BDE7DA31289990C500FA57A3 /* Release */,
			);
			defaultConfigurationIsVisible = 0;
			defaultConfigurationName = Release;
		};
		BDE7DA32289990C500FA57A3 /* Build configuration list for PBXNativeTarget "testingscrollthing" */ = {
			isa = XCConfigurationList;
			buildConfigurations = (
				BDE7DA33289990C500FA57A3 /* Debug */,
				BDE7DA34289990C500FA57A3 /* Release */,
			);
			defaultConfigurationIsVisible = 0;
			defaultConfigurationName = Release;
		};
/* End XCConfigurationList section */
	};
	rootObject = BDE7DA16289990C200FA57A3 /* Project object */;
}
